
Microsoft Visual Studio Solution File, Format Version 12.00
# Visual Studio Version 17
VisualStudioVersion = 17.4.33122.133
MinimumVisualStudioVersion = 10.0.40219.1
Project("{FAE04EC0-301F-11D3-BF4B-00C04F79EFBC}") = "SCM.API", "SCM.API\SCM.API.csproj", "{6B25BA06-D528-4F4A-A74A-74ACAE3622AF}"
EndProject
Global
	GlobalSection(SolutionConfigurationPlatforms) = preSolution
		Debug|Any CPU = Debug|Any CPU
		Release|Any CPU = Release|Any CPU
	EndGlobalSection
	GlobalSection(ProjectConfigurationPlatforms) = postSolution
		{6B25BA06-D528-4F4A-A74A-74ACAE3622AF}.Debug|Any CPU.ActiveCfg = Debug|Any CPU
		{6B25BA06-D528-4F4A-A74A-74ACAE3622AF}.Debug|Any CPU.Build.0 = Debug|Any CPU
		{6B25BA06-D528-4F4A-A74A-74ACAE3622AF}.Release|Any CPU.ActiveCfg = Release|Any CPU
		{6B25BA06-D528-4F4A-A74A-74ACAE3622AF}.Release|Any CPU.Build.0 = Release|Any CPU
	EndGlobalSection
	GlobalSection(SolutionProperties) = preSolution
		HideSolutionNode = FALSE
	EndGlobalSection
	GlobalSection(ExtensibilityGlobals) = postSolution
		SolutionGuid = {BAF38631-032D-4C82-81C2-9436EA98914C}
	EndGlobalSection
EndGlobal
